{
  "originHash" : "3cdfd4c05ec3b6db83efc5133c12dc55e8f08d9a3f9ae71a1ff6af63eeff1fc8",
  "pins" : [
    {
      "identity" : "connectiq-companion-app-sdk-ios",
      "kind" : "remoteSourceControl",
      "location" : "https://github.com/garmin/connectiq-companion-app-sdk-ios",
      "state" : {
        "revision" : "f0d29ff691d700a132d86205ed9bb091e336c2f7",
        "version" : "1.8.0"
      }
    },
    {
      "identity" : "fitfileparser",
      "kind" : "remoteSourceControl",
      "location" : "https://github.com/roznet/FitFileParser",
      "state" : {
        "revision" : "afcdf1677d89819f305f7714bb3b6a18dca05cc6",
        "version" : "1.5.2"
      }
    },
    {
      "identity" : "grdb.swift",
      "kind" : "remoteSourceControl",
      "location" : "https://github.com/groue/GRDB.swift",
      "state" : {
        "revision" : "b83108d10f42680d78f23fe4d4d80fc88dab3212",
        "version" : "7.11.1"
      }
    },
    {
      "identity" : "zipfoundation",
      "kind" : "remoteSourceControl",
      "location" : "https://github.com/weichsel/ZIPFoundation",
      "state" : {
        "revision" : "22787ffb59de99e5dc1fbfe80b19c97a904ad48d",
        "version" : "0.9.20"
      }
    }
  ],
  "version" : 3
}
